
Microsoft Visual Studio Solution File, Format Version 12.00
# Visual Studio 2013
VisualStudioVersion = 12.0.40629.0
MinimumVisualStudioVersion = 10.0.40219.1
Project("{2150E333-8FDC-42A3-9474-1A3956D46DE8}") = ".nuget", ".nuget", "{EFDC7547-6362-4745-A96E-73475D44771B}"
	ProjectSection(SolutionItems) = preProject
		.nuget\NuGet.Config = .nuget\NuGet.Config
		.nuget\NuGet.exe = .nuget\NuGet.exe
		.nuget\NuGet.targets = .nuget\NuGet.targets
	EndProjectSection
EndProject
Project("{2150E333-8FDC-42A3-9474-1A3956D46DE8}") = "framework", "framework", "{2588CAFD-487A-4138-9B17-8B3863B4056A}"
EndProject
Project("{2150E333-8FDC-42A3-9474-1A3956D46DE8}") = "tests", "tests", "{44B96078-E585-41B9-9A52-C7E6B1BEA193}"
EndProject
Project("{2150E333-8FDC-42A3-9474-1A3956D46DE8}") = "publish", "publish", "{3DC2BF9F-B5FE-47F5-8BF1-36434C36B01B}"
EndProject
Project("{FAE04EC0-301F-11D3-BF4B-00C04F79EFBC}") = "Pizza.Framework", "framework\Pizza.Framework\Pizza.Framework.csproj", "{C4AD1D8C-B782-4EE4-9AB0-36BA8C46D98E}"
EndProject
Project("{FAE04EC0-301F-11D3-BF4B-00C04F79EFBC}") = "Pizza.Mvc", "framework\Pizza.Mvc\Pizza.Mvc.csproj", "{22932C64-3887-49DD-B430-0B050DA4C2F3}"
EndProject
Project("{FAE04EC0-301F-11D3-BF4B-00C04F79EFBC}") = "Pizza.Packager", "publish\Pizza.Packager\Pizza.Packager.csproj", "{0451BAEF-DF2E-4B98-8644-94EE9415E389}"
	ProjectSection(ProjectDependencies) = postProject
		{7DC9C003-2372-4615-92FB-553D2327DDDD} = {7DC9C003-2372-4615-92FB-553D2327DDDD}
		{22932C64-3887-49DD-B430-0B050DA4C2F3} = {22932C64-3887-49DD-B430-0B050DA4C2F3}
		{C4AD1D8C-B782-4EE4-9AB0-36BA8C46D98E} = {C4AD1D8C-B782-4EE4-9AB0-36BA8C46D98E}
		{59E337E8-C3CD-4A65-AD3B-5ED7D3DFFFB0} = {59E337E8-C3CD-4A65-AD3B-5ED7D3DFFFB0}
		{7D3E5BF6-1CCD-4AE9-A83E-B5802B051CA2} = {7D3E5BF6-1CCD-4AE9-A83E-B5802B051CA2}
	EndProjectSection
EndProject
Project("{FAE04EC0-301F-11D3-BF4B-00C04F79EFBC}") = "Pizza.Framework.Tests", "tests\Pizza.Framework.Tests\Pizza.Framework.Tests.csproj", "{7D3E5BF6-1CCD-4AE9-A83E-B5802B051CA2}"
EndProject
Project("{FAE04EC0-301F-11D3-BF4B-00C04F79EFBC}") = "Pizza.Framework.IntegrationTests", "tests\Pizza.Framework.IntegrationTests\Pizza.Framework.IntegrationTests.csproj", "{7DC9C003-2372-4615-92FB-553D2327DDDD}"
EndProject
Project("{FAE04EC0-301F-11D3-BF4B-00C04F79EFBC}") = "Pizza.Framework.TestTypes", "tests\Pizza.Framework.TestTypes\Pizza.Framework.TestTypes.csproj", "{59E337E8-C3CD-4A65-AD3B-5ED7D3DFFFB0}"
EndProject
Project("{FAE04EC0-301F-11D3-BF4B-00C04F79EFBC}") = "Pizza.Contracts", "framework\Pizza.Contracts\Pizza.Contracts.csproj", "{65522799-B34B-4CDA-9E93-0BC9B6C0FEA8}"
EndProject
Project("{2150E333-8FDC-42A3-9474-1A3956D46DE8}") = "sample", "sample", "{D86F5054-0BDC-496F-BB2C-6E7A23656FA7}"
EndProject
Project("{FAE04EC0-301F-11D3-BF4B-00C04F79EFBC}") = "KebabManager.Application", "sample\KebabManager.Application\KebabManager.Application.csproj", "{89FC6A12-41AD-4E0D-8A93-EEED3E8D5839}"
EndProject
Project("{FAE04EC0-301F-11D3-BF4B-00C04F79EFBC}") = "KebabManager.Model", "sample\KebabManager.Model\KebabManager.Model.csproj", "{C905BCDF-7022-4819-A279-C38B25AC3BD6}"
EndProject
Project("{FAE04EC0-301F-11D3-BF4B-00C04F79EFBC}") = "KebabManager.Web", "sample\KebabManager.Web\KebabManager.Web.csproj", "{54AF111D-7E76-429D-9917-0BB30830AEA1}"
EndProject
Project("{FAE04EC0-301F-11D3-BF4B-00C04F79EFBC}") = "KebabManager.SchemaBuilder", "sample\KebabManager.SchemaBuilder\KebabManager.SchemaBuilder.csproj", "{98DD60F4-BF38-4403-8AFD-492CFEEDBD66}"
EndProject
Project("{2150E333-8FDC-42A3-9474-1A3956D46DE8}") = "docs", "docs", "{E2125E24-C16C-4360-B847-3F4BF7972B68}"
	ProjectSection(SolutionItems) = preProject
		LICENSE = LICENSE
		README.md = README.md
	EndProjectSection
EndProject
Project("{FAE04EC0-301F-11D3-BF4B-00C04F79EFBC}") = "KebabManager.Contracts", "sample\KebabManager.Contracts\KebabManager.Contracts.csproj", "{D16CB493-E4A6-4069-890D-9E151DD897BD}"
EndProject
Global
	GlobalSection(SolutionConfigurationPlatforms) = preSolution
		Debug|Any CPU = Debug|Any CPU
		Release|Any CPU = Release|Any CPU
	EndGlobalSection
	GlobalSection(ProjectConfigurationPlatforms) = postSolution
		{C4AD1D8C-B782-4EE4-9AB0-36BA8C46D98E}.Debug|Any CPU.ActiveCfg = Debug|Any CPU
		{C4AD1D8C-B782-4EE4-9AB0-36BA8C46D98E}.Debug|Any CPU.Build.0 = Debug|Any CPU
		{C4AD1D8C-B782-4EE4-9AB0-36BA8C46D98E}.Release|Any CPU.ActiveCfg = Release|Any CPU
		{C4AD1D8C-B782-4EE4-9AB0-36BA8C46D98E}.Release|Any CPU.Build.0 = Release|Any CPU
		{22932C64-3887-49DD-B430-0B050DA4C2F3}.Debug|Any CPU.ActiveCfg = Debug|Any CPU
		{22932C64-3887-49DD-B430-0B050DA4C2F3}.Debug|Any CPU.Build.0 = Debug|Any CPU
		{22932C64-3887-49DD-B430-0B050DA4C2F3}.Release|Any CPU.ActiveCfg = Release|Any CPU
		{22932C64-3887-49DD-B430-0B050DA4C2F3}.Release|Any CPU.Build.0 = Release|Any CPU
		{0451BAEF-DF2E-4B98-8644-94EE9415E389}.Debug|Any CPU.ActiveCfg = Debug|Any CPU
		{0451BAEF-DF2E-4B98-8644-94EE9415E389}.Release|Any CPU.ActiveCfg = Release|Any CPU
		{7D3E5BF6-1CCD-4AE9-A83E-B5802B051CA2}.Debug|Any CPU.ActiveCfg = Debug|Any CPU
		{7D3E5BF6-1CCD-4AE9-A83E-B5802B051CA2}.Debug|Any CPU.Build.0 = Debug|Any CPU
		{7D3E5BF6-1CCD-4AE9-A83E-B5802B051CA2}.Release|Any CPU.ActiveCfg = Release|Any CPU
		{7DC9C003-2372-4615-92FB-553D2327DDDD}.Debug|Any CPU.ActiveCfg = Debug|Any CPU
		{7DC9C003-2372-4615-92FB-553D2327DDDD}.Debug|Any CPU.Build.0 = Debug|Any CPU
		{7DC9C003-2372-4615-92FB-553D2327DDDD}.Release|Any CPU.ActiveCfg = Release|Any CPU
		{59E337E8-C3CD-4A65-AD3B-5ED7D3DFFFB0}.Debug|Any CPU.ActiveCfg = Debug|Any CPU
		{59E337E8-C3CD-4A65-AD3B-5ED7D3DFFFB0}.Debug|Any CPU.Build.0 = Debug|Any CPU
		{59E337E8-C3CD-4A65-AD3B-5ED7D3DFFFB0}.Release|Any CPU.ActiveCfg = Release|Any CPU
		{65522799-B34B-4CDA-9E93-0BC9B6C0FEA8}.Debug|Any CPU.ActiveCfg = Debug|Any CPU
		{65522799-B34B-4CDA-9E93-0BC9B6C0FEA8}.Debug|Any CPU.Build.0 = Debug|Any CPU
		{65522799-B34B-4CDA-9E93-0BC9B6C0FEA8}.Release|Any CPU.ActiveCfg = Release|Any CPU
		{65522799-B34B-4CDA-9E93-0BC9B6C0FEA8}.Release|Any CPU.Build.0 = Release|Any CPU
		{89FC6A12-41AD-4E0D-8A93-EEED3E8D5839}.Debug|Any CPU.ActiveCfg = Debug|Any CPU
		{89FC6A12-41AD-4E0D-8A93-EEED3E8D5839}.Debug|Any CPU.Build.0 = Debug|Any CPU
		{89FC6A12-41AD-4E0D-8A93-EEED3E8D5839}.Release|Any CPU.ActiveCfg = Release|Any CPU
		{89FC6A12-41AD-4E0D-8A93-EEED3E8D5839}.Release|Any CPU.Build.0 = Release|Any CPU
		{C905BCDF-7022-4819-A279-C38B25AC3BD6}.Debug|Any CPU.ActiveCfg = Debug|Any CPU
		{C905BCDF-7022-4819-A279-C38B25AC3BD6}.Debug|Any CPU.Build.0 = Debug|Any CPU
		{C905BCDF-7022-4819-A279-C38B25AC3BD6}.Release|Any CPU.ActiveCfg = Release|Any CPU
		{C905BCDF-7022-4819-A279-C38B25AC3BD6}.Release|Any CPU.Build.0 = Release|Any CPU
		{54AF111D-7E76-429D-9917-0BB30830AEA1}.Debug|Any CPU.ActiveCfg = Debug|Any CPU
		{54AF111D-7E76-429D-9917-0BB30830AEA1}.Debug|Any CPU.Build.0 = Debug|Any CPU
		{54AF111D-7E76-429D-9917-0BB30830AEA1}.Release|Any CPU.ActiveCfg = Release|Any CPU
		{54AF111D-7E76-429D-9917-0BB30830AEA1}.Release|Any CPU.Build.0 = Release|Any CPU
		{98DD60F4-BF38-4403-8AFD-492CFEEDBD66}.Debug|Any CPU.ActiveCfg = Debug|Any CPU
		{98DD60F4-BF38-4403-8AFD-492CFEEDBD66}.Debug|Any CPU.Build.0 = Debug|Any CPU
		{98DD60F4-BF38-4403-8AFD-492CFEEDBD66}.Release|Any CPU.ActiveCfg = Release|Any CPU
		{98DD60F4-BF38-4403-8AFD-492CFEEDBD66}.Release|Any CPU.Build.0 = Release|Any CPU
		{D16CB493-E4A6-4069-890D-9E151DD897BD}.Debug|Any CPU.ActiveCfg = Debug|Any CPU
		{D16CB493-E4A6-4069-890D-9E151DD897BD}.Debug|Any CPU.Build.0 = Debug|Any CPU
		{D16CB493-E4A6-4069-890D-9E151DD897BD}.Release|Any CPU.ActiveCfg = Release|Any CPU
		{D16CB493-E4A6-4069-890D-9E151DD897BD}.Release|Any CPU.Build.0 = Release|Any CPU
	EndGlobalSection
	GlobalSection(SolutionProperties) = preSolution
		HideSolutionNode = FALSE
	EndGlobalSection
	GlobalSection(NestedProjects) = preSolution
		{C4AD1D8C-B782-4EE4-9AB0-36BA8C46D98E} = {2588CAFD-487A-4138-9B17-8B3863B4056A}
		{22932C64-3887-49DD-B430-0B050DA4C2F3} = {2588CAFD-487A-4138-9B17-8B3863B4056A}
		{0451BAEF-DF2E-4B98-8644-94EE9415E389} = {3DC2BF9F-B5FE-47F5-8BF1-36434C36B01B}
		{7D3E5BF6-1CCD-4AE9-A83E-B5802B051CA2} = {44B96078-E585-41B9-9A52-C7E6B1BEA193}
		{7DC9C003-2372-4615-92FB-553D2327DDDD} = {44B96078-E585-41B9-9A52-C7E6B1BEA193}
		{59E337E8-C3CD-4A65-AD3B-5ED7D3DFFFB0} = {44B96078-E585-41B9-9A52-C7E6B1BEA193}
		{65522799-B34B-4CDA-9E93-0BC9B6C0FEA8} = {2588CAFD-487A-4138-9B17-8B3863B4056A}
		{89FC6A12-41AD-4E0D-8A93-EEED3E8D5839} = {D86F5054-0BDC-496F-BB2C-6E7A23656FA7}
		{C905BCDF-7022-4819-A279-C38B25AC3BD6} = {D86F5054-0BDC-496F-BB2C-6E7A23656FA7}
		{54AF111D-7E76-429D-9917-0BB30830AEA1} = {D86F5054-0BDC-496F-BB2C-6E7A23656FA7}
		{98DD60F4-BF38-4403-8AFD-492CFEEDBD66} = {D86F5054-0BDC-496F-BB2C-6E7A23656FA7}
		{D16CB493-E4A6-4069-890D-9E151DD897BD} = {D86F5054-0BDC-496F-BB2C-6E7A23656FA7}
	EndGlobalSection
EndGlobal
